
Microsoft Visual Studio Solution File, Format Version 12.00
# Visual Studio 2012
Project("{FAE04EC0-301F-11D3-BF4B-00C04F79EFBC}") = "IziCast.Core", "IziCast.Core\IziCast.Core.csproj", "{A511D57F-D577-4694-B7B6-B14F2C4AE9E7}"
EndProject
Project("{FAE04EC0-301F-11D3-BF4B-00C04F79EFBC}") = "IziCast.Droid", "IziCast.Droid\IziCast.Droid.csproj", "{5D699596-4263-42A1-B264-507C2DB48AEB}"
EndProject
Project("{2150E333-8FDC-42A3-9474-1A3956D46DE8}") = "Submodules", "Submodules", "{8E1594DA-79EC-45A0-8474-1E1BB7F7107C}"
EndProject
Project("{2150E333-8FDC-42A3-9474-1A3956D46DE8}") = "SharpCaster", "SharpCaster", "{F0FFC6B8-CA58-4BA6-B25C-8D1319D62041}"
EndProject
Project("{FAE04EC0-301F-11D3-BF4B-00C04F79EFBC}") = "Sharpcaster", "Submodules\SharpCaster\SharpCaster\Sharpcaster.csproj", "{B2C3B8EB-2A76-459A-98EF-6F829CF5C5B0}"
EndProject
Project("{FAE04EC0-301F-11D3-BF4B-00C04F79EFBC}") = "Sharpcaster.Core", "Submodules\SharpCaster\Sharpcaster.Core\Sharpcaster.Core.csproj", "{FF7DD809-FFBD-4A54-A539-E33A3744FA39}"
EndProject
Project("{FAE04EC0-301F-11D3-BF4B-00C04F79EFBC}") = "Sharpcaster.Discovery", "Submodules\SharpCaster\Sharpcaster.Discovery\Sharpcaster.Discovery.csproj", "{08CA785F-2F03-4EA7-BFA0-1B439076A015}"
EndProject
Project("{2150E333-8FDC-42A3-9474-1A3956D46DE8}") = "Solution Items", "Solution Items", "{296E996B-CA9E-4E01-BD82-2AFEDEEC44E3}"
EndProject
Project("{9344BDBB-3E7F-41FC-A0DD-8665D75EE146}") = "IziCast.iOS", "IziCast.iOS\IziCast.iOS.csproj", "{3B678223-94FC-447E-B3D4-A05DACE6BACF}"
EndProject
Global
	GlobalSection(SolutionConfigurationPlatforms) = preSolution
		Debug|Any CPU = Debug|Any CPU
		Release|Any CPU = Release|Any CPU
		Debug|iPhoneSimulator = Debug|iPhoneSimulator
		Release|iPhoneSimulator = Release|iPhoneSimulator
		Debug|iPhone = Debug|iPhone
		Release|iPhone = Release|iPhone
		Ad-Hoc|iPhone = Ad-Hoc|iPhone
		AppStore|iPhone = AppStore|iPhone
	EndGlobalSection
	GlobalSection(ProjectConfigurationPlatforms) = postSolution
		{A511D57F-D577-4694-B7B6-B14F2C4AE9E7}.Debug|Any CPU.ActiveCfg = Debug|Any CPU
		{A511D57F-D577-4694-B7B6-B14F2C4AE9E7}.Debug|Any CPU.Build.0 = Debug|Any CPU
		{A511D57F-D577-4694-B7B6-B14F2C4AE9E7}.Release|Any CPU.ActiveCfg = Release|Any CPU
		{A511D57F-D577-4694-B7B6-B14F2C4AE9E7}.Release|Any CPU.Build.0 = Release|Any CPU
		{A511D57F-D577-4694-B7B6-B14F2C4AE9E7}.Debug|iPhoneSimulator.ActiveCfg = Debug|Any CPU
		{A511D57F-D577-4694-B7B6-B14F2C4AE9E7}.Debug|iPhoneSimulator.Build.0 = Debug|Any CPU
		{A511D57F-D577-4694-B7B6-B14F2C4AE9E7}.Release|iPhoneSimulator.ActiveCfg = Release|Any CPU
		{A511D57F-D577-4694-B7B6-B14F2C4AE9E7}.Release|iPhoneSimulator.Build.0 = Release|Any CPU
		{A511D57F-D577-4694-B7B6-B14F2C4AE9E7}.Debug|iPhone.ActiveCfg = Debug|Any CPU
		{A511D57F-D577-4694-B7B6-B14F2C4AE9E7}.Debug|iPhone.Build.0 = Debug|Any CPU
		{A511D57F-D577-4694-B7B6-B14F2C4AE9E7}.Release|iPhone.ActiveCfg = Release|Any CPU
		{A511D57F-D577-4694-B7B6-B14F2C4AE9E7}.Release|iPhone.Build.0 = Release|Any CPU
		{A511D57F-D577-4694-B7B6-B14F2C4AE9E7}.Ad-Hoc|iPhone.ActiveCfg = Debug|Any CPU
		{A511D57F-D577-4694-B7B6-B14F2C4AE9E7}.Ad-Hoc|iPhone.Build.0 = Debug|Any CPU
		{A511D57F-D577-4694-B7B6-B14F2C4AE9E7}.AppStore|iPhone.ActiveCfg = Debug|Any CPU
		{A511D57F-D577-4694-B7B6-B14F2C4AE9E7}.AppStore|iPhone.Build.0 = Debug|Any CPU
		{5D699596-4263-42A1-B264-507C2DB48AEB}.Debug|Any CPU.ActiveCfg = Debug|Any CPU
		{5D699596-4263-42A1-B264-507C2DB48AEB}.Debug|Any CPU.Build.0 = Debug|Any CPU
		{5D699596-4263-42A1-B264-507C2DB48AEB}.Release|Any CPU.ActiveCfg = Release|Any CPU
		{5D699596-4263-42A1-B264-507C2DB48AEB}.Release|Any CPU.Build.0 = Release|Any CPU
		{5D699596-4263-42A1-B264-507C2DB48AEB}.Debug|iPhoneSimulator.ActiveCfg = Debug|Any CPU
		{5D699596-4263-42A1-B264-507C2DB48AEB}.Debug|iPhoneSimulator.Build.0 = Debug|Any CPU
		{5D699596-4263-42A1-B264-507C2DB48AEB}.Release|iPhoneSimulator.ActiveCfg = Release|Any CPU
		{5D699596-4263-42A1-B264-507C2DB48AEB}.Release|iPhoneSimulator.Build.0 = Release|Any CPU
		{5D699596-4263-42A1-B264-507C2DB48AEB}.Debug|iPhone.ActiveCfg = Debug|Any CPU
		{5D699596-4263-42A1-B264-507C2DB48AEB}.Debug|iPhone.Build.0 = Debug|Any CPU
		{5D699596-4263-42A1-B264-507C2DB48AEB}.Release|iPhone.ActiveCfg = Release|Any CPU
		{5D699596-4263-42A1-B264-507C2DB48AEB}.Release|iPhone.Build.0 = Release|Any CPU
		{5D699596-4263-42A1-B264-507C2DB48AEB}.Ad-Hoc|iPhone.ActiveCfg = Debug|Any CPU
		{5D699596-4263-42A1-B264-507C2DB48AEB}.Ad-Hoc|iPhone.Build.0 = Debug|Any CPU
		{5D699596-4263-42A1-B264-507C2DB48AEB}.AppStore|iPhone.ActiveCfg = Debug|Any CPU
		{5D699596-4263-42A1-B264-507C2DB48AEB}.AppStore|iPhone.Build.0 = Debug|Any CPU
		{B2C3B8EB-2A76-459A-98EF-6F829CF5C5B0}.Debug|Any CPU.ActiveCfg = Debug|Any CPU
		{B2C3B8EB-2A76-459A-98EF-6F829CF5C5B0}.Debug|Any CPU.Build.0 = Debug|Any CPU
		{B2C3B8EB-2A76-459A-98EF-6F829CF5C5B0}.Release|Any CPU.ActiveCfg = Release|Any CPU
		{B2C3B8EB-2A76-459A-98EF-6F829CF5C5B0}.Release|Any CPU.Build.0 = Release|Any CPU
		{B2C3B8EB-2A76-459A-98EF-6F829CF5C5B0}.Debug|iPhoneSimulator.ActiveCfg = Debug|Any CPU
		{B2C3B8EB-2A76-459A-98EF-6F829CF5C5B0}.Debug|iPhoneSimulator.Build.0 = Debug|Any CPU
		{B2C3B8EB-2A76-459A-98EF-6F829CF5C5B0}.Release|iPhoneSimulator.ActiveCfg = Release|Any CPU
		{B2C3B8EB-2A76-459A-98EF-6F829CF5C5B0}.Release|iPhoneSimulator.Build.0 = Release|Any CPU
		{B2C3B8EB-2A76-459A-98EF-6F829CF5C5B0}.Debug|iPhone.ActiveCfg = Debug|Any CPU
		{B2C3B8EB-2A76-459A-98EF-6F829CF5C5B0}.Debug|iPhone.Build.0 = Debug|Any CPU
		{B2C3B8EB-2A76-459A-98EF-6F829CF5C5B0}.Release|iPhone.ActiveCfg = Release|Any CPU
		{B2C3B8EB-2A76-459A-98EF-6F829CF5C5B0}.Release|iPhone.Build.0 = Release|Any CPU
		{B2C3B8EB-2A76-459A-98EF-6F829CF5C5B0}.Ad-Hoc|iPhone.ActiveCfg = Release|Any CPU
		{B2C3B8EB-2A76-459A-98EF-6F829CF5C5B0}.Ad-Hoc|iPhone.Build.0 = Release|Any CPU
		{B2C3B8EB-2A76-459A-98EF-6F829CF5C5B0}.AppStore|iPhone.ActiveCfg = Release|Any CPU
		{B2C3B8EB-2A76-459A-98EF-6F829CF5C5B0}.AppStore|iPhone.Build.0 = Release|Any CPU
		{FF7DD809-FFBD-4A54-A539-E33A3744FA39}.Debug|Any CPU.ActiveCfg = Debug|Any CPU
		{FF7DD809-FFBD-4A54-A539-E33A3744FA39}.Debug|Any CPU.Build.0 = Debug|Any CPU
		{FF7DD809-FFBD-4A54-A539-E33A3744FA39}.Release|Any CPU.ActiveCfg = Release|Any CPU
		{FF7DD809-FFBD-4A54-A539-E33A3744FA39}.Release|Any CPU.Build.0 = Release|Any CPU
		{FF7DD809-FFBD-4A54-A539-E33A3744FA39}.Debug|iPhoneSimulator.ActiveCfg = Debug|Any CPU
		{FF7DD809-FFBD-4A54-A539-E33A3744FA39}.Debug|iPhoneSimulator.Build.0 = Debug|Any CPU
		{FF7DD809-FFBD-4A54-A539-E33A3744FA39}.Release|iPhoneSimulator.ActiveCfg = Release|Any CPU
		{FF7DD809-FFBD-4A54-A539-E33A3744FA39}.Release|iPhoneSimulator.Build.0 = Release|Any CPU
		{FF7DD809-FFBD-4A54-A539-E33A3744FA39}.Debug|iPhone.ActiveCfg = Debug|Any CPU
		{FF7DD809-FFBD-4A54-A539-E33A3744FA39}.Debug|iPhone.Build.0 = Debug|Any CPU
		{FF7DD809-FFBD-4A54-A539-E33A3744FA39}.Release|iPhone.ActiveCfg = Release|Any CPU
		{FF7DD809-FFBD-4A54-A539-E33A3744FA39}.Release|iPhone.Build.0 = Release|Any CPU
		{FF7DD809-FFBD-4A54-A539-E33A3744FA39}.Ad-Hoc|iPhone.ActiveCfg = Release|Any CPU
		{FF7DD809-FFBD-4A54-A539-E33A3744FA39}.Ad-Hoc|iPhone.Build.0 = Release|Any CPU
		{FF7DD809-FFBD-4A54-A539-E33A3744FA39}.AppStore|iPhone.ActiveCfg = Release|Any CPU
		{FF7DD809-FFBD-4A54-A539-E33A3744FA39}.AppStore|iPhone.Build.0 = Release|Any CPU
		{08CA785F-2F03-4EA7-BFA0-1B439076A015}.Debug|Any CPU.ActiveCfg = Debug|Any CPU
		{08CA785F-2F03-4EA7-BFA0-1B439076A015}.Debug|Any CPU.Build.0 = Debug|Any CPU
		{08CA785F-2F03-4EA7-BFA0-1B439076A015}.Release|Any CPU.ActiveCfg = Release|Any CPU
		{08CA785F-2F03-4EA7-BFA0-1B439076A015}.Release|Any CPU.Build.0 = Release|Any CPU
		{08CA785F-2F03-4EA7-BFA0-1B439076A015}.Debug|iPhoneSimulator.ActiveCfg = Debug|Any CPU
		{08CA785F-2F03-4EA7-BFA0-1B439076A015}.Debug|iPhoneSimulator.Build.0 = Debug|Any CPU
		{08CA785F-2F03-4EA7-BFA0-1B439076A015}.Release|iPhoneSimulator.ActiveCfg = Release|Any CPU
		{08CA785F-2F03-4EA7-BFA0-1B439076A015}.Release|iPhoneSimulator.Build.0 = Release|Any CPU
		{08CA785F-2F03-4EA7-BFA0-1B439076A015}.Debug|iPhone.ActiveCfg = Debug|Any CPU
		{08CA785F-2F03-4EA7-BFA0-1B439076A015}.Debug|iPhone.Build.0 = Debug|Any CPU
		{08CA785F-2F03-4EA7-BFA0-1B439076A015}.Release|iPhone.ActiveCfg = Release|Any CPU
		{08CA785F-2F03-4EA7-BFA0-1B439076A015}.Release|iPhone.Build.0 = Release|Any CPU
		{08CA785F-2F03-4EA7-BFA0-1B439076A015}.Ad-Hoc|iPhone.ActiveCfg = Release|Any CPU
		{08CA785F-2F03-4EA7-BFA0-1B439076A015}.Ad-Hoc|iPhone.Build.0 = Release|Any CPU
		{08CA785F-2F03-4EA7-BFA0-1B439076A015}.AppStore|iPhone.ActiveCfg = Release|Any CPU
		{08CA785F-2F03-4EA7-BFA0-1B439076A015}.AppStore|iPhone.Build.0 = Release|Any CPU
		{3B678223-94FC-447E-B3D4-A05DACE6BACF}.Debug|Any CPU.ActiveCfg = Debug|iPhoneSimulator
		{3B678223-94FC-447E-B3D4-A05DACE6BACF}.Debug|Any CPU.Build.0 = Debug|iPhoneSimulator
		{3B678223-94FC-447E-B3D4-A05DACE6BACF}.Release|Any CPU.ActiveCfg = Release|iPhoneSimulator
		{3B678223-94FC-447E-B3D4-A05DACE6BACF}.Release|Any CPU.Build.0 = Release|iPhoneSimulator
		{3B678223-94FC-447E-B3D4-A05DACE6BACF}.Debug|iPhoneSimulator.ActiveCfg = Debug|iPhoneSimulator
		{3B678223-94FC-447E-B3D4-A05DACE6BACF}.Debug|iPhoneSimulator.Build.0 = Debug|iPhoneSimulator
		{3B678223-94FC-447E-B3D4-A05DACE6BACF}.Release|iPhoneSimulator.ActiveCfg = Release|iPhoneSimulator
		{3B678223-94FC-447E-B3D4-A05DACE6BACF}.Release|iPhoneSimulator.Build.0 = Release|iPhoneSimulator
		{3B678223-94FC-447E-B3D4-A05DACE6BACF}.Debug|iPhone.ActiveCfg = Debug|iPhone
		{3B678223-94FC-447E-B3D4-A05DACE6BACF}.Debug|iPhone.Build.0 = Debug|iPhone
		{3B678223-94FC-447E-B3D4-A05DACE6BACF}.Release|iPhone.ActiveCfg = Release|iPhone
		{3B678223-94FC-447E-B3D4-A05DACE6BACF}.Release|iPhone.Build.0 = Release|iPhone
		{3B678223-94FC-447E-B3D4-A05DACE6BACF}.Ad-Hoc|iPhone.ActiveCfg = Ad-Hoc|iPhone
		{3B678223-94FC-447E-B3D4-A05DACE6BACF}.Ad-Hoc|iPhone.Build.0 = Ad-Hoc|iPhone
		{3B678223-94FC-447E-B3D4-A05DACE6BACF}.AppStore|iPhone.ActiveCfg = AppStore|iPhone
		{3B678223-94FC-447E-B3D4-A05DACE6BACF}.AppStore|iPhone.Build.0 = AppStore|iPhone
	EndGlobalSection
	GlobalSection(NestedProjects) = preSolution
		{F0FFC6B8-CA58-4BA6-B25C-8D1319D62041} = {8E1594DA-79EC-45A0-8474-1E1BB7F7107C}
		{B2C3B8EB-2A76-459A-98EF-6F829CF5C5B0} = {F0FFC6B8-CA58-4BA6-B25C-8D1319D62041}
		{FF7DD809-FFBD-4A54-A539-E33A3744FA39} = {F0FFC6B8-CA58-4BA6-B25C-8D1319D62041}
		{08CA785F-2F03-4EA7-BFA0-1B439076A015} = {F0FFC6B8-CA58-4BA6-B25C-8D1319D62041}
	EndGlobalSection
EndGlobal
