
Microsoft Visual Studio Solution File, Format Version 12.00
# Visual Studio 2012
Project("{FAE04EC0-301F-11D3-BF4B-00C04F79EFBC}") = "IziCast", "IziCast\IziCast.csproj", "{28425B26-3B2D-4C3D-81C6-AD034DCCF14A}"
EndProject
Project("{FAE04EC0-301F-11D3-BF4B-00C04F79EFBC}") = "IziCast.Droid", "Droid\IziCast.Droid.csproj", "{F9E66B8C-2165-4CCD-A416-48AA5BF8B52D}"
EndProject
Project("{FAE04EC0-301F-11D3-BF4B-00C04F79EFBC}") = "IziCast.UITests", "UITests\IziCast.UITests.csproj", "{76A67A9B-858A-4B1A-A808-849EC1E0F3C0}"
EndProject
Project("{9344BDBB-3E7F-41FC-A0DD-8665D75EE146}") = "IziCast.iOS", "iOS\IziCast.iOS.csproj", "{3A7FB84E-FD08-4FF4-9837-E56DF065BD78}"
EndProject
Global
	GlobalSection(SolutionConfigurationPlatforms) = preSolution
		Debug|Any CPU = Debug|Any CPU
		Release|Any CPU = Release|Any CPU
		Debug|iPhoneSimulator = Debug|iPhoneSimulator
		Release|iPhone = Release|iPhone
		Release|iPhoneSimulator = Release|iPhoneSimulator
		Debug|iPhone = Debug|iPhone
	EndGlobalSection
	GlobalSection(ProjectConfigurationPlatforms) = postSolution
		{28425B26-3B2D-4C3D-81C6-AD034DCCF14A}.Debug|Any CPU.ActiveCfg = Debug|Any CPU
		{28425B26-3B2D-4C3D-81C6-AD034DCCF14A}.Debug|Any CPU.Build.0 = Debug|Any CPU
		{28425B26-3B2D-4C3D-81C6-AD034DCCF14A}.Release|Any CPU.ActiveCfg = Release|Any CPU
		{28425B26-3B2D-4C3D-81C6-AD034DCCF14A}.Release|Any CPU.Build.0 = Release|Any CPU
		{28425B26-3B2D-4C3D-81C6-AD034DCCF14A}.Debug|iPhoneSimulator.ActiveCfg = Debug|Any CPU
		{28425B26-3B2D-4C3D-81C6-AD034DCCF14A}.Debug|iPhoneSimulator.Build.0 = Debug|Any CPU
		{28425B26-3B2D-4C3D-81C6-AD034DCCF14A}.Release|iPhone.ActiveCfg = Release|Any CPU
		{28425B26-3B2D-4C3D-81C6-AD034DCCF14A}.Release|iPhone.Build.0 = Release|Any CPU
		{28425B26-3B2D-4C3D-81C6-AD034DCCF14A}.Release|iPhoneSimulator.ActiveCfg = Release|Any CPU
		{28425B26-3B2D-4C3D-81C6-AD034DCCF14A}.Release|iPhoneSimulator.Build.0 = Release|Any CPU
		{28425B26-3B2D-4C3D-81C6-AD034DCCF14A}.Debug|iPhone.ActiveCfg = Debug|Any CPU
		{28425B26-3B2D-4C3D-81C6-AD034DCCF14A}.Debug|iPhone.Build.0 = Debug|Any CPU
		{F9E66B8C-2165-4CCD-A416-48AA5BF8B52D}.Debug|Any CPU.ActiveCfg = Debug|Any CPU
		{F9E66B8C-2165-4CCD-A416-48AA5BF8B52D}.Debug|Any CPU.Build.0 = Debug|Any CPU
		{F9E66B8C-2165-4CCD-A416-48AA5BF8B52D}.Release|Any CPU.ActiveCfg = Release|Any CPU
		{F9E66B8C-2165-4CCD-A416-48AA5BF8B52D}.Release|Any CPU.Build.0 = Release|Any CPU
		{F9E66B8C-2165-4CCD-A416-48AA5BF8B52D}.Debug|iPhoneSimulator.ActiveCfg = Debug|Any CPU
		{F9E66B8C-2165-4CCD-A416-48AA5BF8B52D}.Debug|iPhoneSimulator.Build.0 = Debug|Any CPU
		{F9E66B8C-2165-4CCD-A416-48AA5BF8B52D}.Release|iPhone.ActiveCfg = Release|Any CPU
		{F9E66B8C-2165-4CCD-A416-48AA5BF8B52D}.Release|iPhone.Build.0 = Release|Any CPU
		{F9E66B8C-2165-4CCD-A416-48AA5BF8B52D}.Release|iPhoneSimulator.ActiveCfg = Release|Any CPU
		{F9E66B8C-2165-4CCD-A416-48AA5BF8B52D}.Release|iPhoneSimulator.Build.0 = Release|Any CPU
		{F9E66B8C-2165-4CCD-A416-48AA5BF8B52D}.Debug|iPhone.ActiveCfg = Debug|Any CPU
		{F9E66B8C-2165-4CCD-A416-48AA5BF8B52D}.Debug|iPhone.Build.0 = Debug|Any CPU
		{76A67A9B-858A-4B1A-A808-849EC1E0F3C0}.Debug|Any CPU.ActiveCfg = Debug|Any CPU
		{76A67A9B-858A-4B1A-A808-849EC1E0F3C0}.Debug|Any CPU.Build.0 = Debug|Any CPU
		{76A67A9B-858A-4B1A-A808-849EC1E0F3C0}.Release|Any CPU.ActiveCfg = Release|Any CPU
		{76A67A9B-858A-4B1A-A808-849EC1E0F3C0}.Release|Any CPU.Build.0 = Release|Any CPU
		{76A67A9B-858A-4B1A-A808-849EC1E0F3C0}.Debug|iPhoneSimulator.ActiveCfg = Debug|Any CPU
		{76A67A9B-858A-4B1A-A808-849EC1E0F3C0}.Debug|iPhoneSimulator.Build.0 = Debug|Any CPU
		{76A67A9B-858A-4B1A-A808-849EC1E0F3C0}.Release|iPhone.ActiveCfg = Release|Any CPU
		{76A67A9B-858A-4B1A-A808-849EC1E0F3C0}.Release|iPhone.Build.0 = Release|Any CPU
		{76A67A9B-858A-4B1A-A808-849EC1E0F3C0}.Release|iPhoneSimulator.ActiveCfg = Release|Any CPU
		{76A67A9B-858A-4B1A-A808-849EC1E0F3C0}.Release|iPhoneSimulator.Build.0 = Release|Any CPU
		{76A67A9B-858A-4B1A-A808-849EC1E0F3C0}.Debug|iPhone.ActiveCfg = Debug|Any CPU
		{76A67A9B-858A-4B1A-A808-849EC1E0F3C0}.Debug|iPhone.Build.0 = Debug|Any CPU
		{3A7FB84E-FD08-4FF4-9837-E56DF065BD78}.Debug|Any CPU.ActiveCfg = Debug|iPhoneSimulator
		{3A7FB84E-FD08-4FF4-9837-E56DF065BD78}.Debug|Any CPU.Build.0 = Debug|iPhoneSimulator
		{3A7FB84E-FD08-4FF4-9837-E56DF065BD78}.Release|Any CPU.ActiveCfg = Release|iPhone
		{3A7FB84E-FD08-4FF4-9837-E56DF065BD78}.Release|Any CPU.Build.0 = Release|iPhone
		{3A7FB84E-FD08-4FF4-9837-E56DF065BD78}.Debug|iPhoneSimulator.ActiveCfg = Debug|iPhoneSimulator
		{3A7FB84E-FD08-4FF4-9837-E56DF065BD78}.Debug|iPhoneSimulator.Build.0 = Debug|iPhoneSimulator
		{3A7FB84E-FD08-4FF4-9837-E56DF065BD78}.Release|iPhone.ActiveCfg = Release|iPhone
		{3A7FB84E-FD08-4FF4-9837-E56DF065BD78}.Release|iPhone.Build.0 = Release|iPhone
		{3A7FB84E-FD08-4FF4-9837-E56DF065BD78}.Release|iPhoneSimulator.ActiveCfg = Release|iPhoneSimulator
		{3A7FB84E-FD08-4FF4-9837-E56DF065BD78}.Release|iPhoneSimulator.Build.0 = Release|iPhoneSimulator
		{3A7FB84E-FD08-4FF4-9837-E56DF065BD78}.Debug|iPhone.ActiveCfg = Debug|iPhone
		{3A7FB84E-FD08-4FF4-9837-E56DF065BD78}.Debug|iPhone.Build.0 = Debug|iPhone
	EndGlobalSection
	GlobalSection(MonoDevelopProperties) = preSolution
		Policies = $0
		$0.VersionControlPolicy = $1
		$1.inheritsSet = Mono
	EndGlobalSection
EndGlobal
